
Microsoft Visual Studio Solution File, Format Version 12.00
# Visual Studio Version 17
VisualStudioVersion = 17.6.33815.320
MinimumVisualStudioVersion = 10.0.40219.1
Project("{FAE04EC0-301F-11D3-BF4B-00C04F79EFBC}") = "AlquileresTemporarios-TP2LAB2", "AlquileresTemporarios-TP2LAB2\AlquileresTemporarios-TP2LAB2.csproj", "{6FB214E1-DD34-4D90-9D24-13BEEFCC35FB}"
EndProject
Global
	GlobalSection(SolutionConfigurationPlatforms) = preSolution
		Debug|Any CPU = Debug|Any CPU
		Release|Any CPU = Release|Any CPU
	EndGlobalSection
	GlobalSection(ProjectConfigurationPlatforms) = postSolution
		{6FB214E1-DD34-4D90-9D24-13BEEFCC35FB}.Debug|Any CPU.ActiveCfg = Debug|Any CPU
		{6FB214E1-DD34-4D90-9D24-13BEEFCC35FB}.Debug|Any CPU.Build.0 = Debug|Any CPU
		{6FB214E1-DD34-4D90-9D24-13BEEFCC35FB}.Release|Any CPU.ActiveCfg = Release|Any CPU
		{6FB214E1-DD34-4D90-9D24-13BEEFCC35FB}.Release|Any CPU.Build.0 = Release|Any CPU
	EndGlobalSection
	GlobalSection(SolutionProperties) = preSolution
		HideSolutionNode = FALSE
	EndGlobalSection
	GlobalSection(ExtensibilityGlobals) = postSolution
		SolutionGuid = {699BD39F-99E6-4E5D-BC5E-8CA652866E24}
	EndGlobalSection
EndGlobal
